{
  "version": 4,
  "terraform_version": "1.13.3",
  "serial": 118,
  "lineage": "a29b9b29-a6a3-b574-2dd0-a33d1f130c91",
  "outputs": {
    "app_service_url": {
      "value": "https://ha-app-xjwrqdxxxa-an.a.run.app",
      "type": "string"
    },
    "cloud_sql_instance_connection_name": {
      "value": "bandq-dx:asia-northeast1:ha-analytics",
      "type": "string"
    },
    "cloud_sql_private_ip": {
      "value": "10.197.0.3",
      "type": "string"
    },
    "metabase_service_url": {
      "value": "https://ha-metabase-xjwrqdxxxa-an.a.run.app",
      "type": "string"
    }
  },
  "resources": [
    {
      "mode": "managed",
      "type": "google_project_service",
      "name": "enabled",
      "provider": "provider[\"registry.terraform.io/hashicorp/google\"]",
      "instances": [
        {
          "index_key": "cloudscheduler.googleapis.com",
          "schema_version": 0,
          "attributes": {
            "disable_dependent_services": null,
            "disable_on_destroy": false,
            "id": "bandq-dx/cloudscheduler.googleapis.com",
            "project": "bandq-dx",
            "service": "cloudscheduler.googleapis.com",
            "timeouts": null
          },
          "sensitive_attributes": [],
          "identity_schema_version": 0,
          "private": "eyJlMmJmYjczMC1lY2FhLTExZTYtOGY4OC0zNDM2M2JjN2M0YzAiOnsiY3JlYXRlIjoxMjAwMDAwMDAwMDAwLCJkZWxldGUiOjEyMDAwMDAwMDAwMDAsInJlYWQiOjYwMDAwMDAwMDAwMCwidXBkYXRlIjoxMjAwMDAwMDAwMDAwfX0="
        },
        {
          "index_key": "compute.googleapis.com",
          "schema_version": 0,
          "attributes": {
            "disable_dependent_services": null,
            "disable_on_destroy": false,
            "id": "bandq-dx/compute.googleapis.com",
            "project": "bandq-dx",
            "service": "compute.googleapis.com",
            "timeouts": null
          },
          "sensitive_attributes": [],
          "identity_schema_version": 0,
          "private": "eyJlMmJmYjczMC1lY2FhLTExZTYtOGY4OC0zNDM2M2JjN2M0YzAiOnsiY3JlYXRlIjoxMjAwMDAwMDAwMDAwLCJkZWxldGUiOjEyMDAwMDAwMDAwMDAsInJlYWQiOjYwMDAwMDAwMDAwMCwidXBkYXRlIjoxMjAwMDAwMDAwMDAwfX0="
        },
        {
          "index_key": "iam.googleapis.com",
          "schema_version": 0,
          "attributes": {
            "disable_dependent_services": null,
            "disable_on_destroy": false,
            "id": "bandq-dx/iam.googleapis.com",
            "project": "bandq-dx",
            "service": "iam.googleapis.com",
            "timeouts": null
          },
          "sensitive_attributes": [],
          "identity_schema_version": 0,
          "private": "eyJlMmJmYjczMC1lY2FhLTExZTYtOGY4OC0zNDM2M2JjN2M0YzAiOnsiY3JlYXRlIjoxMjAwMDAwMDAwMDAwLCJkZWxldGUiOjEyMDAwMDAwMDAwMDAsInJlYWQiOjYwMDAwMDAwMDAwMCwidXBkYXRlIjoxMjAwMDAwMDAwMDAwfX0="
        },
        {
          "index_key": "run.googleapis.com",
          "schema_version": 0,
          "attributes": {
            "disable_dependent_services": null,
            "disable_on_destroy": false,
            "id": "bandq-dx/run.googleapis.com",
            "project": "bandq-dx",
            "service": "run.googleapis.com",
            "timeouts": null
          },
          "sensitive_attributes": [],
          "identity_schema_version": 0,
          "private": "eyJlMmJmYjczMC1lY2FhLTExZTYtOGY4OC0zNDM2M2JjN2M0YzAiOnsiY3JlYXRlIjoxMjAwMDAwMDAwMDAwLCJkZWxldGUiOjEyMDAwMDAwMDAwMDAsInJlYWQiOjYwMDAwMDAwMDAwMCwidXBkYXRlIjoxMjAwMDAwMDAwMDAwfX0="
        },
        {
          "index_key": "secretmanager.googleapis.com",
          "schema_version": 0,
          "attributes": {
            "disable_dependent_services": null,
            "disable_on_destroy": false,
            "id": "bandq-dx/secretmanager.googleapis.com",
            "project": "bandq-dx",
            "service": "secretmanager.googleapis.com",
            "timeouts": null
          },
          "sensitive_attributes": [],
          "identity_schema_version": 0,
          "private": "eyJlMmJmYjczMC1lY2FhLTExZTYtOGY4OC0zNDM2M2JjN2M0YzAiOnsiY3JlYXRlIjoxMjAwMDAwMDAwMDAwLCJkZWxldGUiOjEyMDAwMDAwMDAwMDAsInJlYWQiOjYwMDAwMDAwMDAwMCwidXBkYXRlIjoxMjAwMDAwMDAwMDAwfX0="
        },
        {
          "index_key": "servicecontrol.googleapis.com",
          "schema_version": 0,
          "attributes": {
            "disable_dependent_services": null,
            "disable_on_destroy": false,
            "id": "bandq-dx/servicecontrol.googleapis.com",
            "project": "bandq-dx",
            "service": "servicecontrol.googleapis.com",
            "timeouts": null
          },
          "sensitive_attributes": [],
          "identity_schema_version": 0,
          "private": "eyJlMmJmYjczMC1lY2FhLTExZTYtOGY4OC0zNDM2M2JjN2M0YzAiOnsiY3JlYXRlIjoxMjAwMDAwMDAwMDAwLCJkZWxldGUiOjEyMDAwMDAwMDAwMDAsInJlYWQiOjYwMDAwMDAwMDAwMCwidXBkYXRlIjoxMjAwMDAwMDAwMDAwfX0="
        },
        {
          "index_key": "servicemanagement.googleapis.com",
          "schema_version": 0,
          "attributes": {
            "disable_dependent_services": null,
            "disable_on_destroy": false,
            "id": "bandq-dx/servicemanagement.googleapis.com",
            "project": "bandq-dx",
            "service": "servicemanagement.googleapis.com",
            "timeouts": null
          },
          "sensitive_attributes": [],
          "identity_schema_version": 0,
          "private": "eyJlMmJmYjczMC1lY2FhLTExZTYtOGY4OC0zNDM2M2JjN2M0YzAiOnsiY3JlYXRlIjoxMjAwMDAwMDAwMDAwLCJkZWxldGUiOjEyMDAwMDAwMDAwMDAsInJlYWQiOjYwMDAwMDAwMDAwMCwidXBkYXRlIjoxMjAwMDAwMDAwMDAwfX0="
        },
        {
          "index_key": "sqladmin.googleapis.com",
          "schema_version": 0,
          "attributes": {
            "disable_dependent_services": null,
            "disable_on_destroy": false,
            "id": "bandq-dx/sqladmin.googleapis.com",
            "project": "bandq-dx",
            "service": "sqladmin.googleapis.com",
            "timeouts": null
          },
          "sensitive_attributes": [],
          "identity_schema_version": 0,
          "private": "eyJlMmJmYjczMC1lY2FhLTExZTYtOGY4OC0zNDM2M2JjN2M0YzAiOnsiY3JlYXRlIjoxMjAwMDAwMDAwMDAwLCJkZWxldGUiOjEyMDAwMDAwMDAwMDAsInJlYWQiOjYwMDAwMDAwMDAwMCwidXBkYXRlIjoxMjAwMDAwMDAwMDAwfX0="
        },
        {
          "index_key": "vpcaccess.googleapis.com",
          "schema_version": 0,
          "attributes": {
            "disable_dependent_services": null,
            "disable_on_destroy": false,
            "id": "bandq-dx/vpcaccess.googleapis.com",
            "project": "bandq-dx",
            "service": "vpcaccess.googleapis.com",
            "timeouts": null
          },
          "sensitive_attributes": [],
          "identity_schema_version": 0,
          "private": "eyJlMmJmYjczMC1lY2FhLTExZTYtOGY4OC0zNDM2M2JjN2M0YzAiOnsiY3JlYXRlIjoxMjAwMDAwMDAwMDAwLCJkZWxldGUiOjEyMDAwMDAwMDAwMDAsInJlYWQiOjYwMDAwMDAwMDAwMCwidXBkYXRlIjoxMjAwMDAwMDAwMDAwfX0="
        }
      ]
    },
    {
      "module": "module.app",
      "mode": "data",
      "type": "google_project",
      "name": "current",
      "provider": "provider[\"registry.terraform.io/hashicorp/google\"]",
      "instances": [
        {
          "schema_version": 0,
          "attributes": {
            "auto_create_network": null,
            "billing_account": "01567C-B520CE-F79FA1",
            "deletion_policy": "DELETE",
            "effective_labels": {
              "generative-language": "enabled"
            },
            "folder_id": "",
            "id": "projects/bandq-dx",
            "labels": {
              "generative-language": "enabled"
            },
            "name": "bandq-dx",
            "number": "816821699190",
            "org_id": "565268227364",
            "project_id": "bandq-dx",
            "skip_delete": null,
            "terraform_labels": {
              "generative-language": "enabled"
            }
          },
          "sensitive_attributes": [],
          "identity_schema_version": 0
        }
      ]
    },
    {
      "module": "module.app",
      "mode": "managed",
      "type": "google_cloud_run_service_iam_member",
      "name": "app_scheduler",
      "provider": "provider[\"registry.terraform.io/hashicorp/google\"]",
      "instances": [
        {
          "schema_version": 0,
          "attributes": {
            "condition": [],
            "etag": "BwZBwFhr+Zs=",
            "id": "v1/projects/bandq-dx/locations/asia-northeast1/services/ha-app/roles/run.invoker/serviceAccount:sa-ha-scheduler@bandq-dx.iam.gserviceaccount.com",
            "location": "asia-northeast1",
            "member": "serviceAccount:sa-ha-scheduler@bandq-dx.iam.gserviceaccount.com",
            "project": "bandq-dx",
            "role": "roles/run.invoker",
            "service": "v1/projects/bandq-dx/locations/asia-northeast1/services/ha-app"
          },
          "sensitive_attributes": [],
          "identity_schema_version": 0,
          "private": "bnVsbA==",
          "dependencies": [
            "google_project_service.enabled",
            "module.app.google_cloud_run_v2_service.app",
            "module.app.google_secret_manager_secret.app_database_url",
            "module.app.google_secret_manager_secret.supabase_key",
            "module.app.google_secret_manager_secret_version.app_database_url",
            "module.app.google_secret_manager_secret_version.supabase_key",
            "module.app.google_service_account.app",
            "module.app.google_service_account.scheduler",
            "module.database.google_sql_database_instance.app",
            "module.network.google_compute_global_address.private_ip_alloc",
            "module.network.google_compute_network.analytics",
            "module.network.google_service_networking_connection.private_vpc_connection",
            "module.network.google_vpc_access_connector.serverless"
          ]
        }
      ]
    },
    {
      "module": "module.app",
      "mode": "managed",
      "type": "google_cloud_run_v2_service",
      "name": "app",
      "provider": "provider[\"registry.terraform.io/hashicorp/google-beta\"]",
      "instances": [
        {
          "schema_version": 0,
          "attributes": {
            "annotations": {},
            "binary_authorization": [],
            "client": "",
            "client_version": "",
            "conditions": [
              {
                "execution_reason": "",
                "last_transition_time": "2025-10-22T14:43:15.078177Z",
                "message": "",
                "reason": "",
                "revision_reason": "",
                "severity": "",
                "state": "CONDITION_SUCCEEDED",
                "type": "RoutesReady"
              },
              {
                "execution_reason": "",
                "last_transition_time": "2025-10-22T14:43:00.603371Z",
                "message": "",
                "reason": "",
                "revision_reason": "",
                "severity": "",
                "state": "CONDITION_SUCCEEDED",
                "type": "ConfigurationsReady"
              }
            ],
            "create_time": "2025-10-22T14:42:59.329709Z",
            "creator": "yoshioka.r@bandq.jp",
            "custom_audiences": [],
            "default_uri_disabled": false,
            "delete_time": "",
            "description": "",
            "effective_annotations": {},
            "effective_labels": {},
            "etag": "\"CPPa48cGEMjrm50B/cHJvamVjdHMvYmFuZHEtZHgvbG9jYXRpb25zL2FzaWEtbm9ydGhlYXN0MS9zZXJ2aWNlcy9oYS1hcHA\"",
            "expire_time": "",
            "generation": "1",
            "id": "projects/bandq-dx/locations/asia-northeast1/services/ha-app",
            "ingress": "INGRESS_TRAFFIC_ALL",
            "labels": {},
            "last_modifier": "yoshioka.r@bandq.jp",
            "latest_created_revision": "projects/bandq-dx/locations/asia-northeast1/services/ha-app/revisions/ha-app-00001-2ll",
            "latest_ready_revision": "projects/bandq-dx/locations/asia-northeast1/services/ha-app/revisions/ha-app-00001-2ll",
            "launch_stage": "GA",
            "location": "asia-northeast1",
            "name": "ha-app",
            "observed_generation": "1",
            "project": "bandq-dx",
            "reconciling": false,
            "scaling": [],
            "template": [
              {
                "annotations": {},
                "containers": [
                  {
                    "args": [],
                    "command": [],
                    "depends_on": [],
                    "env": [
                      {
                        "name": "GCP_PROJECT",
                        "value": "bandq-dx",
                        "value_source": []
                      },
                      {
                        "name": "GCP_REGION",
                        "value": "asia-northeast1",
                        "value_source": []
                      },
                      {
                        "name": "SUPABASE_URL",
                        "value": "https://supabase.com/dashboard/project/icgtokdilecfvguibqfp",
                        "value_source": []
                      },
                      {
                        "name": "APP_TIMEZONE",
                        "value": "Asia/Tokyo",
                        "value_source": []
                      },
                      {
                        "name": "SUPABASE_KEY",
                        "value": "",
                        "value_source": [
                          {
                            "secret_key_ref": [
                              {
                                "secret": "projects/816821699190/secrets/ha-supabase-key",
                                "version": "2"
                              }
                            ]
                          }
                        ]
                      },
                      {
                        "name": "DATABASE_URL",
                        "value": "",
                        "value_source": [
                          {
                            "secret_key_ref": [
                              {
                                "secret": "projects/816821699190/secrets/ha-database-url",
                                "version": "1"
                              }
                            ]
                          }
                        ]
                      }
                    ],
                    "image": "gcr.io/bandq-dx/ha-app:latest",
                    "liveness_probe": [
                      {
                        "failure_threshold": 3,
                        "grpc": [],
                        "http_get": [
                          {
                            "http_headers": [],
                            "path": "/healthz",
                            "port": 8080
                          }
                        ],
                        "initial_delay_seconds": 30,
                        "period_seconds": 10,
                        "tcp_socket": [],
                        "timeout_seconds": 5
                      }
                    ],
                    "name": "",
                    "ports": [
                      {
                        "container_port": 8080,
                        "name": "http1"
                      }
                    ],
                    "resources": [
                      {
                        "cpu_idle": false,
                        "limits": {
                          "cpu": "1",
                          "memory": "1Gi"
                        },
                        "startup_cpu_boost": false
                      }
                    ],
                    "startup_probe": [
                      {
                        "failure_threshold": 30,
                        "grpc": [],
                        "http_get": [
                          {
                            "http_headers": [],
                            "path": "/healthz",
                            "port": 8080
                          }
                        ],
                        "initial_delay_seconds": 10,
                        "period_seconds": 10,
                        "tcp_socket": [],
                        "timeout_seconds": 5
                      }
                    ],
                    "volume_mounts": [],
                    "working_dir": ""
                  }
                ],
                "encryption_key": "",
                "execution_environment": "",
                "labels": {},
                "max_instance_request_concurrency": 80,
                "revision": "",
                "scaling": [
                  {
                    "max_instance_count": 3,
                    "min_instance_count": 0
                  }
                ],
                "service_account": "sa-ha-app@bandq-dx.iam.gserviceaccount.com",
                "session_affinity": false,
                "timeout": "900s",
                "volumes": [],
                "vpc_access": [
                  {
                    "connector": "projects/bandq-dx/locations/asia-northeast1/connectors/ha-serverless-connector",
                    "egress": "PRIVATE_RANGES_ONLY",
                    "network_interfaces": []
                  }
                ]
              }
            ],
            "terminal_condition": [
              {
                "execution_reason": "",
                "last_transition_time": "2025-10-22T14:43:15.112179Z",
                "message": "",
                "reason": "",
                "revision_reason": "",
                "severity": "",
                "state": "CONDITION_SUCCEEDED",
                "type": "Ready"
              }
            ],
            "terraform_labels": {},
            "timeouts": null,
            "traffic": [
              {
                "percent": 100,
                "revision": "",
                "tag": "",
                "type": "TRAFFIC_TARGET_ALLOCATION_TYPE_LATEST"
              }
            ],
            "traffic_statuses": [
              {
                "percent": 100,
                "revision": "",
                "tag": "",
                "type": "TRAFFIC_TARGET_ALLOCATION_TYPE_LATEST",
                "uri": ""
              }
            ],
            "uid": "1c613e58-df7d-47ef-9a16-ef7b12604491",
            "update_time": "2025-10-22T14:42:59.329709Z",
            "uri": "https://ha-app-xjwrqdxxxa-an.a.run.app"
          },
          "sensitive_attributes": [],
          "identity_schema_version": 0,
          "private": "eyJlMmJmYjczMC1lY2FhLTExZTYtOGY4OC0zNDM2M2JjN2M0YzAiOnsiY3JlYXRlIjoxMjAwMDAwMDAwMDAwLCJkZWxldGUiOjEyMDAwMDAwMDAwMDAsInVwZGF0ZSI6MTIwMDAwMDAwMDAwMH19",
          "dependencies": [
            "google_project_service.enabled",
            "module.app.google_secret_manager_secret.app_database_url",
            "module.app.google_secret_manager_secret.supabase_key",
            "module.app.google_secret_manager_secret_version.app_database_url",
            "module.app.google_secret_manager_secret_version.supabase_key",
            "module.app.google_service_account.app",
            "module.database.google_sql_database_instance.app",
            "module.network.google_compute_global_address.private_ip_alloc",
            "module.network.google_compute_network.analytics",
            "module.network.google_service_networking_connection.private_vpc_connection",
            "module.network.google_vpc_access_connector.serverless"
          ]
        }
      ]
    },
    {
      "module": "module.app",
      "mode": "managed",
      "type": "google_cloud_scheduler_job",
      "name": "ingest",
      "provider": "provider[\"registry.terraform.io/hashicorp/google\"]",
      "instances": [
        {
          "schema_version": 0,
          "attributes": {
            "app_engine_http_target": [],
            "attempt_deadline": "180s",
            "description": "",
            "http_target": [
              {
                "body": "",
                "headers": {
                  "Content-Type": "application/json"
                },
                "http_method": "POST",
                "oauth_token": [],
                "oidc_token": [
                  {
                    "audience": "https://ha-app-xjwrqdxxxa-an.a.run.app/ingest/run",
                    "service_account_email": "sa-ha-scheduler@bandq-dx.iam.gserviceaccount.com"
                  }
                ],
                "uri": "https://ha-app-xjwrqdxxxa-an.a.run.app/ingest/run"
              }
            ],
            "id": "projects/bandq-dx/locations/asia-northeast1/jobs/ha-ingest",
            "name": "ha-ingest",
            "paused": false,
            "project": "bandq-dx",
            "pubsub_target": [],
            "region": "asia-northeast1",
            "retry_config": [],
            "schedule": "0 3 * * *",
            "state": "ENABLED",
            "time_zone": "Asia/Tokyo",
            "timeouts": null
          },
          "sensitive_attributes": [],
          "identity_schema_version": 0,
          "private": "eyJlMmJmYjczMC1lY2FhLTExZTYtOGY4OC0zNDM2M2JjN2M0YzAiOnsiY3JlYXRlIjoxMjAwMDAwMDAwMDAwLCJkZWxldGUiOjEyMDAwMDAwMDAwMDAsInVwZGF0ZSI6MTIwMDAwMDAwMDAwMH19",
          "dependencies": [
            "google_project_service.enabled",
            "module.app.google_cloud_run_v2_service.app",
            "module.app.google_secret_manager_secret.app_database_url",
            "module.app.google_secret_manager_secret.supabase_key",
            "module.app.google_secret_manager_secret_version.app_database_url",
            "module.app.google_secret_manager_secret_version.supabase_key",
            "module.app.google_service_account.app",
            "module.app.google_service_account.scheduler",
            "module.database.google_sql_database_instance.app",
            "module.network.google_compute_global_address.private_ip_alloc",
            "module.network.google_compute_network.analytics",
            "module.network.google_service_networking_connection.private_vpc_connection",
            "module.network.google_vpc_access_connector.serverless"
          ]
        }
      ]
    },
    {
      "module": "module.app",
      "mode": "managed",
      "type": "google_cloud_scheduler_job",
      "name": "transform",
      "provider": "provider[\"registry.terraform.io/hashicorp/google\"]",
      "instances": [
        {
          "schema_version": 0,
          "attributes": {
            "app_engine_http_target": [],
            "attempt_deadline": "180s",
            "description": "",
            "http_target": [
              {
                "body": "",
                "headers": {
                  "Content-Type": "application/json"
                },
                "http_method": "POST",
                "oauth_token": [],
                "oidc_token": [
                  {
                    "audience": "https://ha-app-xjwrqdxxxa-an.a.run.app/transform/run",
                    "service_account_email": "sa-ha-scheduler@bandq-dx.iam.gserviceaccount.com"
                  }
                ],
                "uri": "https://ha-app-xjwrqdxxxa-an.a.run.app/transform/run"
              }
            ],
            "id": "projects/bandq-dx/locations/asia-northeast1/jobs/ha-transform",
            "name": "ha-transform",
            "paused": false,
            "project": "bandq-dx",
            "pubsub_target": [],
            "region": "asia-northeast1",
            "retry_config": [],
            "schedule": "5 3 * * *",
            "state": "ENABLED",
            "time_zone": "Asia/Tokyo",
            "timeouts": null
          },
          "sensitive_attributes": [],
          "identity_schema_version": 0,
          "private": "eyJlMmJmYjczMC1lY2FhLTExZTYtOGY4OC0zNDM2M2JjN2M0YzAiOnsiY3JlYXRlIjoxMjAwMDAwMDAwMDAwLCJkZWxldGUiOjEyMDAwMDAwMDAwMDAsInVwZGF0ZSI6MTIwMDAwMDAwMDAwMH19",
          "dependencies": [
            "google_project_service.enabled",
            "module.app.google_cloud_run_v2_service.app",
            "module.app.google_secret_manager_secret.app_database_url",
            "module.app.google_secret_manager_secret.supabase_key",
            "module.app.google_secret_manager_secret_version.app_database_url",
            "module.app.google_secret_manager_secret_version.supabase_key",
            "module.app.google_service_account.app",
            "module.app.google_service_account.scheduler",
            "module.database.google_sql_database_instance.app",
            "module.network.google_compute_global_address.private_ip_alloc",
            "module.network.google_compute_network.analytics",
            "module.network.google_service_networking_connection.private_vpc_connection",
            "module.network.google_vpc_access_connector.serverless"
          ]
        }
      ]
    },
    {
      "module": "module.app",
      "mode": "managed",
      "type": "google_project_iam_member",
      "name": "app_roles",
      "provider": "provider[\"registry.terraform.io/hashicorp/google\"]",
      "instances": [
        {
          "index_key": "roles/cloudsql.client",
          "schema_version": 0,
          "attributes": {
            "condition": [],
            "etag": "BwZBuasA6NE=",
            "id": "bandq-dx/roles/cloudsql.client/serviceAccount:sa-ha-app@bandq-dx.iam.gserviceaccount.com",
            "member": "serviceAccount:sa-ha-app@bandq-dx.iam.gserviceaccount.com",
            "project": "bandq-dx",
            "role": "roles/cloudsql.client"
          },
          "sensitive_attributes": [],
          "identity_schema_version": 0,
          "private": "bnVsbA==",
          "dependencies": [
            "module.app.google_service_account.app"
          ]
        },
        {
          "index_key": "roles/logging.logWriter",
          "schema_version": 0,
          "attributes": {
            "condition": [],
            "etag": "BwZBuasA6NE=",
            "id": "bandq-dx/roles/logging.logWriter/serviceAccount:sa-ha-app@bandq-dx.iam.gserviceaccount.com",
            "member": "serviceAccount:sa-ha-app@bandq-dx.iam.gserviceaccount.com",
            "project": "bandq-dx",
            "role": "roles/logging.logWriter"
          },
          "sensitive_attributes": [],
          "identity_schema_version": 0,
          "private": "bnVsbA==",
          "dependencies": [
            "module.app.google_service_account.app"
          ]
        },
        {
          "index_key": "roles/secretmanager.secretAccessor",
          "schema_version": 0,
          "attributes": {
            "condition": [],
            "etag": "BwZBuasA6NE=",
            "id": "bandq-dx/roles/secretmanager.secretAccessor/serviceAccount:sa-ha-app@bandq-dx.iam.gserviceaccount.com",
            "member": "serviceAccount:sa-ha-app@bandq-dx.iam.gserviceaccount.com",
            "project": "bandq-dx",
            "role": "roles/secretmanager.secretAccessor"
          },
          "sensitive_attributes": [],
          "identity_schema_version": 0,
          "private": "bnVsbA==",
          "dependencies": [
            "module.app.google_service_account.app"
          ]
        }
      ]
    },
    {
      "module": "module.app",
      "mode": "managed",
      "type": "google_project_iam_member",
      "name": "scheduler_roles",
      "provider": "provider[\"registry.terraform.io/hashicorp/google\"]",
      "instances": [
        {
          "schema_version": 0,
          "attributes": {
            "condition": [],
            "etag": "BwZBuasA6NE=",
            "id": "bandq-dx/roles/run.invoker/serviceAccount:sa-ha-scheduler@bandq-dx.iam.gserviceaccount.com",
            "member": "serviceAccount:sa-ha-scheduler@bandq-dx.iam.gserviceaccount.com",
            "project": "bandq-dx",
            "role": "roles/run.invoker"
          },
          "sensitive_attributes": [],
          "identity_schema_version": 0,
          "private": "bnVsbA==",
          "dependencies": [
            "module.app.google_service_account.scheduler"
          ]
        }
      ]
    },
    {
      "module": "module.app",
      "mode": "managed",
      "type": "google_secret_manager_secret",
      "name": "app_database_url",
      "provider": "provider[\"registry.terraform.io/hashicorp/google\"]",
      "instances": [
        {
          "schema_version": 0,
          "attributes": {
            "annotations": {},
            "create_time": "2025-10-22T05:32:28.342315Z",
            "effective_annotations": {},
            "effective_labels": {},
            "expire_time": "",
            "id": "projects/bandq-dx/secrets/ha-database-url",
            "labels": {},
            "name": "projects/816821699190/secrets/ha-database-url",
            "project": "bandq-dx",
            "replication": [
              {
                "auto": [
                  {
                    "customer_managed_encryption": []
                  }
                ],
                "user_managed": []
              }
            ],
            "rotation": [],
            "secret_id": "ha-database-url",
            "terraform_labels": {},
            "timeouts": null,
            "topics": [],
            "ttl": null,
            "version_aliases": {},
            "version_destroy_ttl": ""
          },
          "sensitive_attributes": [],
          "identity_schema_version": 0,
          "private": "eyJlMmJmYjczMC1lY2FhLTExZTYtOGY4OC0zNDM2M2JjN2M0YzAiOnsiY3JlYXRlIjoxMjAwMDAwMDAwMDAwLCJkZWxldGUiOjEyMDAwMDAwMDAwMDAsInVwZGF0ZSI6MTIwMDAwMDAwMDAwMH19"
        }
      ]
    },
    {
      "module": "module.app",
      "mode": "managed",
      "type": "google_secret_manager_secret",
      "name": "supabase_key",
      "provider": "provider[\"registry.terraform.io/hashicorp/google\"]",
      "instances": [
        {
          "schema_version": 0,
          "attributes": {
            "annotations": {},
            "create_time": "2025-10-22T05:32:28.317870Z",
            "effective_annotations": {},
            "effective_labels": {},
            "expire_time": "",
            "id": "projects/bandq-dx/secrets/ha-supabase-key",
            "labels": {},
            "name": "projects/816821699190/secrets/ha-supabase-key",
            "project": "bandq-dx",
            "replication": [
              {
                "auto": [
                  {
                    "customer_managed_encryption": []
                  }
                ],
                "user_managed": []
              }
            ],
            "rotation": [],
            "secret_id": "ha-supabase-key",
            "terraform_labels": {},
            "timeouts": null,
            "topics": [],
            "ttl": null,
            "version_aliases": {},
            "version_destroy_ttl": ""
          },
          "sensitive_attributes": [],
          "identity_schema_version": 0,
          "private": "eyJlMmJmYjczMC1lY2FhLTExZTYtOGY4OC0zNDM2M2JjN2M0YzAiOnsiY3JlYXRlIjoxMjAwMDAwMDAwMDAwLCJkZWxldGUiOjEyMDAwMDAwMDAwMDAsInVwZGF0ZSI6MTIwMDAwMDAwMDAwMH19"
        }
      ]
    },
    {
      "module": "module.app",
      "mode": "managed",
      "type": "google_secret_manager_secret_iam_member",
      "name": "database_url_app",
      "provider": "provider[\"registry.terraform.io/hashicorp/google\"]",
      "instances": [
        {
          "schema_version": 0,
          "attributes": {
            "condition": [],
            "etag": "BwZBuaqYRRo=",
            "id": "projects/bandq-dx/secrets/ha-database-url/roles/secretmanager.secretAccessor/serviceAccount:sa-ha-app@bandq-dx.iam.gserviceaccount.com",
            "member": "serviceAccount:sa-ha-app@bandq-dx.iam.gserviceaccount.com",
            "project": "bandq-dx",
            "role": "roles/secretmanager.secretAccessor",
            "secret_id": "projects/bandq-dx/secrets/ha-database-url"
          },
          "sensitive_attributes": [],
          "identity_schema_version": 0,
          "private": "bnVsbA==",
          "dependencies": [
            "module.app.google_secret_manager_secret.app_database_url",
            "module.app.google_service_account.app"
          ]
        }
      ]
    },
    {
      "module": "module.app",
      "mode": "managed",
      "type": "google_secret_manager_secret_iam_member",
      "name": "database_url_scheduler",
      "provider": "provider[\"registry.terraform.io/hashicorp/google\"]",
      "instances": [
        {
          "schema_version": 0,
          "attributes": {
            "condition": [],
            "etag": "BwZBuaqYRRo=",
            "id": "projects/bandq-dx/secrets/ha-database-url/roles/secretmanager.secretAccessor/serviceAccount:sa-ha-scheduler@bandq-dx.iam.gserviceaccount.com",
            "member": "serviceAccount:sa-ha-scheduler@bandq-dx.iam.gserviceaccount.com",
            "project": "bandq-dx",
            "role": "roles/secretmanager.secretAccessor",
            "secret_id": "projects/bandq-dx/secrets/ha-database-url"
          },
          "sensitive_attributes": [],
          "identity_schema_version": 0,
          "private": "bnVsbA==",
          "dependencies": [
            "module.app.google_secret_manager_secret.app_database_url",
            "module.app.google_service_account.scheduler"
          ]
        }
      ]
    },
    {
      "module": "module.app",
      "mode": "managed",
      "type": "google_secret_manager_secret_iam_member",
      "name": "supabase_key_app",
      "provider": "provider[\"registry.terraform.io/hashicorp/google\"]",
      "instances": [
        {
          "schema_version": 0,
          "attributes": {
            "condition": [],
            "etag": "BwZBuao9jIU=",
            "id": "projects/bandq-dx/secrets/ha-supabase-key/roles/secretmanager.secretAccessor/serviceAccount:sa-ha-app@bandq-dx.iam.gserviceaccount.com",
            "member": "serviceAccount:sa-ha-app@bandq-dx.iam.gserviceaccount.com",
            "project": "bandq-dx",
            "role": "roles/secretmanager.secretAccessor",
            "secret_id": "projects/bandq-dx/secrets/ha-supabase-key"
          },
          "sensitive_attributes": [],
          "identity_schema_version": 0,
          "private": "bnVsbA==",
          "dependencies": [
            "module.app.google_secret_manager_secret.supabase_key",
            "module.app.google_service_account.app"
          ]
        }
      ]
    },
    {
      "module": "module.app",
      "mode": "managed",
      "type": "google_secret_manager_secret_version",
      "name": "app_database_url",
      "provider": "provider[\"registry.terraform.io/hashicorp/google\"]",
      "instances": [
        {
          "schema_version": 0,
          "attributes": {
            "create_time": "2025-10-22T06:55:50.385073Z",
            "deletion_policy": "DELETE",
            "destroy_time": "",
            "enabled": true,
            "id": "projects/816821699190/secrets/ha-database-url/versions/1",
            "is_secret_data_base64": false,
            "name": "projects/816821699190/secrets/ha-database-url/versions/1",
            "secret": "projects/bandq-dx/secrets/ha-database-url",
            "secret_data": "postgresql://app_user:bandq_hr_5505bq5505@10.197.0.3:5432/analytics_app",
            "timeouts": null,
            "version": "1"
          },
          "sensitive_attributes": [
            [
              {
                "type": "get_attr",
                "value": "secret_data"
              }
            ]
          ],
          "identity_schema_version": 0,
          "private": "eyJlMmJmYjczMC1lY2FhLTExZTYtOGY4OC0zNDM2M2JjN2M0YzAiOnsiY3JlYXRlIjoxMjAwMDAwMDAwMDAwLCJkZWxldGUiOjEyMDAwMDAwMDAwMDAsInVwZGF0ZSI6MTIwMDAwMDAwMDAwMH19",
          "dependencies": [
            "google_project_service.enabled",
            "module.app.google_secret_manager_secret.app_database_url",
            "module.database.google_sql_database_instance.app",
            "module.network.google_compute_global_address.private_ip_alloc",
            "module.network.google_compute_network.analytics",
            "module.network.google_service_networking_connection.private_vpc_connection"
          ]
        }
      ]
    },
    {
      "module": "module.app",
      "mode": "managed",
      "type": "google_secret_manager_secret_version",
      "name": "supabase_key",
      "provider": "provider[\"registry.terraform.io/hashicorp/google\"]",
      "instances": [
        {
          "schema_version": 0,
          "attributes": {
            "create_time": "2025-10-22T06:45:48.984983Z",
            "deletion_policy": "DELETE",
            "destroy_time": "",
            "enabled": true,
            "id": "projects/816821699190/secrets/ha-supabase-key/versions/2",
            "is_secret_data_base64": false,
            "name": "projects/816821699190/secrets/ha-supabase-key/versions/2",
            "secret": "projects/bandq-dx/secrets/ha-supabase-key",
            "secret_data": "eyJhbGciOiJIUzI1NiIsInR5cCI6IkpXVCJ9.eyJpc3MiOiJzdXBhYmFzZSIsInJlZiI6ImljZ3Rva2RpbGVjZnZndWlicWZwIiwicm9sZSI6InNlcnZpY2Vfcm9sZSIsImlhdCI6MTc1NDcxMDEzOCwiZXhwIjoyMDcwMjg2MTM4fQ.Pk8vCWHvV24tkcFbNX5zZ_x6jv13nQ5JgryvFoTPz6U",
            "timeouts": null,
            "version": "2"
          },
          "sensitive_attributes": [
            [
              {
                "type": "get_attr",
                "value": "secret_data"
              }
            ]
          ],
          "identity_schema_version": 0,
          "private": "eyJlMmJmYjczMC1lY2FhLTExZTYtOGY4OC0zNDM2M2JjN2M0YzAiOnsiY3JlYXRlIjoxMjAwMDAwMDAwMDAwLCJkZWxldGUiOjEyMDAwMDAwMDAwMDAsInVwZGF0ZSI6MTIwMDAwMDAwMDAwMH19",
          "dependencies": [
            "module.app.google_secret_manager_secret.supabase_key"
          ]
        }
      ]
    },
    {
      "module": "module.app",
      "mode": "managed",
      "type": "google_service_account",
      "name": "app",
      "provider": "provider[\"registry.terraform.io/hashicorp/google\"]",
      "instances": [
        {
          "schema_version": 0,
          "attributes": {
            "account_id": "sa-ha-app",
            "create_ignore_already_exists": null,
            "description": "",
            "disabled": false,
            "display_name": "Hiring Analytics App",
            "email": "sa-ha-app@bandq-dx.iam.gserviceaccount.com",
            "id": "projects/bandq-dx/serviceAccounts/sa-ha-app@bandq-dx.iam.gserviceaccount.com",
            "member": "serviceAccount:sa-ha-app@bandq-dx.iam.gserviceaccount.com",
            "name": "projects/bandq-dx/serviceAccounts/sa-ha-app@bandq-dx.iam.gserviceaccount.com",
            "project": "bandq-dx",
            "timeouts": null,
            "unique_id": "107335179153997431095"
          },
          "sensitive_attributes": [],
          "identity_schema_version": 0,
          "private": "eyJlMmJmYjczMC1lY2FhLTExZTYtOGY4OC0zNDM2M2JjN2M0YzAiOnsiY3JlYXRlIjozMDAwMDAwMDAwMDB9fQ=="
        }
      ]
    },
    {
      "module": "module.app",
      "mode": "managed",
      "type": "google_service_account",
      "name": "scheduler",
      "provider": "provider[\"registry.terraform.io/hashicorp/google\"]",
      "instances": [
        {
          "schema_version": 0,
          "attributes": {
            "account_id": "sa-ha-scheduler",
            "create_ignore_already_exists": null,
            "description": "",
            "disabled": false,
            "display_name": "Hiring Analytics Scheduler",
            "email": "sa-ha-scheduler@bandq-dx.iam.gserviceaccount.com",
            "id": "projects/bandq-dx/serviceAccounts/sa-ha-scheduler@bandq-dx.iam.gserviceaccount.com",
            "member": "serviceAccount:sa-ha-scheduler@bandq-dx.iam.gserviceaccount.com",
            "name": "projects/bandq-dx/serviceAccounts/sa-ha-scheduler@bandq-dx.iam.gserviceaccount.com",
            "project": "bandq-dx",
            "timeouts": null,
            "unique_id": "117268850257685403591"
          },
          "sensitive_attributes": [],
          "identity_schema_version": 0,
          "private": "eyJlMmJmYjczMC1lY2FhLTExZTYtOGY4OC0zNDM2M2JjN2M0YzAiOnsiY3JlYXRlIjozMDAwMDAwMDAwMDB9fQ=="
        }
      ]
    },
    {
      "module": "module.app",
      "mode": "managed",
      "type": "google_service_account_iam_member",
      "name": "scheduler_token_creator",
      "provider": "provider[\"registry.terraform.io/hashicorp/google\"]",
      "instances": [
        {
          "schema_version": 0,
          "attributes": {
            "condition": [],
            "etag": "BwZBuapDg8Q=",
            "id": "projects/bandq-dx/serviceAccounts/sa-ha-scheduler@bandq-dx.iam.gserviceaccount.com/roles/iam.serviceAccountTokenCreator/serviceAccount:service-816821699190@gcp-sa-cloudscheduler.iam.gserviceaccount.com",
            "member": "serviceAccount:service-816821699190@gcp-sa-cloudscheduler.iam.gserviceaccount.com",
            "role": "roles/iam.serviceAccountTokenCreator",
            "service_account_id": "projects/bandq-dx/serviceAccounts/sa-ha-scheduler@bandq-dx.iam.gserviceaccount.com"
          },
          "sensitive_attributes": [],
          "identity_schema_version": 0,
          "private": "bnVsbA==",
          "dependencies": [
            "module.app.data.google_project.current",
            "module.app.google_service_account.scheduler"
          ]
        }
      ]
    },
    {
      "module": "module.database",
      "mode": "managed",
      "type": "google_sql_database",
      "name": "analytics",
      "provider": "provider[\"registry.terraform.io/hashicorp/google\"]",
      "instances": [
        {
          "schema_version": 0,
          "attributes": {
            "charset": "UTF8",
            "collation": "en_US.UTF8",
            "deletion_policy": "DELETE",
            "id": "projects/bandq-dx/instances/ha-analytics/databases/analytics_app",
            "instance": "ha-analytics",
            "name": "analytics_app",
            "project": "bandq-dx",
            "self_link": "https://sqladmin.googleapis.com/sql/v1beta4/projects/bandq-dx/instances/ha-analytics/databases/analytics_app",
            "timeouts": null
          },
          "sensitive_attributes": [],
          "identity_schema_version": 0,
          "private": "eyJlMmJmYjczMC1lY2FhLTExZTYtOGY4OC0zNDM2M2JjN2M0YzAiOnsiY3JlYXRlIjoxMjAwMDAwMDAwMDAwLCJkZWxldGUiOjEyMDAwMDAwMDAwMDAsInVwZGF0ZSI6MTIwMDAwMDAwMDAwMH19",
          "dependencies": [
            "google_project_service.enabled",
            "module.database.google_sql_database_instance.app",
            "module.network.google_compute_global_address.private_ip_alloc",
            "module.network.google_compute_network.analytics",
            "module.network.google_service_networking_connection.private_vpc_connection"
          ]
        }
      ]
    },
    {
      "module": "module.database",
      "mode": "managed",
      "type": "google_sql_database",
      "name": "metabase",
      "provider": "provider[\"registry.terraform.io/hashicorp/google\"]",
      "instances": [
        {
          "schema_version": 0,
          "attributes": {
            "charset": "UTF8",
            "collation": "en_US.UTF8",
            "deletion_policy": "DELETE",
            "id": "projects/bandq-dx/instances/ha-analytics/databases/metabase_meta",
            "instance": "ha-analytics",
            "name": "metabase_meta",
            "project": "bandq-dx",
            "self_link": "https://sqladmin.googleapis.com/sql/v1beta4/projects/bandq-dx/instances/ha-analytics/databases/metabase_meta",
            "timeouts": null
          },
          "sensitive_attributes": [],
          "identity_schema_version": 0,
          "private": "eyJlMmJmYjczMC1lY2FhLTExZTYtOGY4OC0zNDM2M2JjN2M0YzAiOnsiY3JlYXRlIjoxMjAwMDAwMDAwMDAwLCJkZWxldGUiOjEyMDAwMDAwMDAwMDAsInVwZGF0ZSI6MTIwMDAwMDAwMDAwMH19",
          "dependencies": [
            "google_project_service.enabled",
            "module.database.google_sql_database_instance.app",
            "module.network.google_compute_global_address.private_ip_alloc",
            "module.network.google_compute_network.analytics",
            "module.network.google_service_networking_connection.private_vpc_connection"
          ]
        }
      ]
    },
    {
      "module": "module.database",
      "mode": "managed",
      "type": "google_sql_database_instance",
      "name": "app",
      "provider": "provider[\"registry.terraform.io/hashicorp/google-beta\"]",
      "instances": [
        {
          "schema_version": 0,
          "attributes": {
            "available_maintenance_versions": [],
            "clone": [],
            "connection_name": "bandq-dx:asia-northeast1:ha-analytics",
            "database_version": "POSTGRES_15",
            "deletion_protection": false,
            "dns_name": "",
            "encryption_key_name": null,
            "first_ip_address": "10.197.0.3",
            "id": "ha-analytics",
            "instance_type": "CLOUD_SQL_INSTANCE",
            "ip_address": [
              {
                "ip_address": "10.197.0.3",
                "time_to_retire": "",
                "type": "PRIVATE"
              }
            ],
            "maintenance_version": "POSTGRES_15_14.R20250727.00_29",
            "master_instance_name": "",
            "name": "ha-analytics",
            "private_ip_address": "10.197.0.3",
            "project": "bandq-dx",
            "psc_service_attachment_link": "",
            "public_ip_address": "",
            "region": "asia-northeast1",
            "replica_configuration": [],
            "restore_backup_context": [],
            "root_password": null,
            "self_link": "https://sqladmin.googleapis.com/sql/v1beta4/projects/bandq-dx/instances/ha-analytics",
            "server_ca_cert": [
              {
                "cert": "-----BEGIN CERTIFICATE-----\nMIIDfzCCAmegAwIBAgIBADANBgkqhkiG9w0BAQsFADB3MS0wKwYDVQQuEyRkOTQw\nZjhkMC00NjVjLTQ3MzktOWFkOS1lMDhiZDc4MmViODkxIzAhBgNVBAMTGkdvb2ds\nZSBDbG91ZCBTUUwgU2VydmVyIENBMRQwEgYDVQQKEwtHb29nbGUsIEluYzELMAkG\nA1UEBhMCVVMwHhcNMjUxMDIyMDY1MjAzWhcNMzUxMDIwMDY1MzAzWjB3MS0wKwYD\nVQQuEyRkOTQwZjhkMC00NjVjLTQ3MzktOWFkOS1lMDhiZDc4MmViODkxIzAhBgNV\nBAMTGkdvb2dsZSBDbG91ZCBTUUwgU2VydmVyIENBMRQwEgYDVQQKEwtHb29nbGUs\nIEluYzELMAkGA1UEBhMCVVMwggEiMA0GCSqGSIb3DQEBAQUAA4IBDwAwggEKAoIB\nAQC5zI+Ajmen/I9SZ3LSU91ysx/dCvkNUR2yNxFALxZXueMjoCwiz+cF2F+jnDb6\nEbomUs7j7MXKvCMpjP796RYnCOx9s/fZIWmq8CI24JFZonriIfY4Y7BMpwuJmqih\n07eUgMBdzpnn8XNl3jqR6PuJ9gbH2ViYf7l6AazrwcFU4cdh/CDtmKfgM//caejf\nixLI2mqB0JxjXxNHR9lmpIA92hL0R20gmxfWWbHrWfR3Y1F1p+QPAqUTAT4A/a0Q\nkgn/6bJ3qcY/JlB0xJ3wKx2uat/KJzipQ00c/1H2J5VZiSchOqqV75RKTe6Z7tV3\nZZYArxcv+WMKh8FyiFmZ2ZALAgMBAAGjFjAUMBIGA1UdEwEB/wQIMAYBAf8CAQAw\nDQYJKoZIhvcNAQELBQADggEBAC8/lppGoH0+Tzft0CvXsQazxXRthq/pXaXLlmoi\nfteTFYMTxjIHhH6l2G70Am3GFwvlV6iLlEYwIr4aVT/ou//fmxkQQvHao0rdEe5e\niags8F/VAwXfb3iJ0usXHw4W/y61ooxn0pox2Soh+7PZXTfpeC+ZQ4Ed/OzrjrBA\nBvp3mQyo0jlExWS1TGxjuExerlv6Yc0Yh0YwLmD3KyXmyGPAWfK+am89Mx9gQDL2\nQu0IEMXcYzwmRzWm695y5WbTZctDrjRPqcebaSkzquqAoTT1/8/p+KmRhsZYwniL\nh4n9b19xvcCDlwzy7a29jgOWnxV1LQcwOqBiwoCN4dnzL/w=\n-----END CERTIFICATE-----",
                "common_name": "C=US,O=Google\\, Inc,CN=Google Cloud SQL Server CA,dnQualifier=d940f8d0-465c-4739-9ad9-e08bd782eb89",
                "create_time": "2025-10-22T06:52:03.561Z",
                "expiration_time": "2035-10-20T06:53:03.561Z",
                "sha1_fingerprint": "b23ba08b2753ee8c6dc18c9dd96504d14c5d06c6"
              }
            ],
            "service_account_email_address": "p816821699190-nnqm1w@gcp-sa-cloud-sql.iam.gserviceaccount.com",
            "settings": [
              {
                "activation_policy": "ALWAYS",
                "active_directory_config": [],
                "advanced_machine_features": [],
                "availability_type": "ZONAL",
                "backup_configuration": [
                  {
                    "backup_retention_settings": [
                      {
                        "retained_backups": 7,
                        "retention_unit": "COUNT"
                      }
                    ],
                    "binary_log_enabled": false,
                    "enabled": true,
                    "location": "",
                    "point_in_time_recovery_enabled": true,
                    "start_time": "06:00",
                    "transaction_log_retention_days": 7
                  }
                ],
                "collation": "",
                "connector_enforcement": "NOT_REQUIRED",
                "data_cache_config": [],
                "database_flags": [],
                "deletion_protection_enabled": false,
                "deny_maintenance_period": [],
                "disk_autoresize": true,
                "disk_autoresize_limit": 0,
                "disk_size": 10,
                "disk_type": "PD_SSD",
                "edition": "ENTERPRISE",
                "enable_dataplex_integration": false,
                "enable_google_ml_integration": false,
                "insights_config": [],
                "ip_configuration": [
                  {
                    "allocated_ip_range": "",
                    "authorized_networks": [],
                    "enable_private_path_for_google_cloud_services": true,
                    "ipv4_enabled": false,
                    "private_network": "projects/bandq-dx/global/networks/ha-analytics-network",
                    "psc_config": [],
                    "require_ssl": false,
                    "server_ca_mode": "GOOGLE_MANAGED_INTERNAL_CA",
                    "ssl_mode": ""
                  }
                ],
                "location_preference": [
                  {
                    "follow_gae_application": "",
                    "secondary_zone": "",
                    "zone": "asia-northeast1-b"
                  }
                ],
                "maintenance_window": [],
                "password_validation_policy": [],
                "pricing_plan": "PER_USE",
                "sql_server_audit_config": [],
                "tier": "db-custom-1-3840",
                "time_zone": "",
                "user_labels": {},
                "version": 2
              }
            ],
            "timeouts": null
          },
          "sensitive_attributes": [
            [
              {
                "type": "get_attr",
                "value": "root_password"
              }
            ],
            [
              {
                "type": "get_attr",
                "value": "server_ca_cert"
              }
            ]
          ],
          "identity_schema_version": 0,
          "private": "eyJlMmJmYjczMC1lY2FhLTExZTYtOGY4OC0zNDM2M2JjN2M0YzAiOnsiY3JlYXRlIjo1NDAwMDAwMDAwMDAwLCJkZWxldGUiOjU0MDAwMDAwMDAwMDAsInVwZGF0ZSI6NTQwMDAwMDAwMDAwMH19",
          "dependencies": [
            "google_project_service.enabled",
            "module.network.google_compute_global_address.private_ip_alloc",
            "module.network.google_compute_network.analytics",
            "module.network.google_service_networking_connection.private_vpc_connection"
          ]
        }
      ]
    },
    {
      "module": "module.database",
      "mode": "managed",
      "type": "google_sql_user",
      "name": "app",
      "provider": "provider[\"registry.terraform.io/hashicorp/google\"]",
      "instances": [
        {
          "schema_version": 1,
          "attributes": {
            "deletion_policy": null,
            "host": "",
            "id": "app_user//ha-analytics",
            "instance": "ha-analytics",
            "name": "app_user",
            "password": "bandq_hr_5505bq5505",
            "password_policy": [],
            "project": "bandq-dx",
            "sql_server_user_details": [],
            "timeouts": null,
            "type": ""
          },
          "sensitive_attributes": [
            [
              {
                "type": "get_attr",
                "value": "password"
              }
            ]
          ],
          "identity_schema_version": 0,
          "private": "eyJlMmJmYjczMC1lY2FhLTExZTYtOGY4OC0zNDM2M2JjN2M0YzAiOnsiY3JlYXRlIjo2MDAwMDAwMDAwMDAsImRlbGV0ZSI6NjAwMDAwMDAwMDAwLCJ1cGRhdGUiOjYwMDAwMDAwMDAwMH0sInNjaGVtYV92ZXJzaW9uIjoiMSJ9",
          "dependencies": [
            "google_project_service.enabled",
            "module.database.google_sql_database_instance.app",
            "module.network.google_compute_global_address.private_ip_alloc",
            "module.network.google_compute_network.analytics",
            "module.network.google_service_networking_connection.private_vpc_connection"
          ]
        }
      ]
    },
    {
      "module": "module.database",
      "mode": "managed",
      "type": "google_sql_user",
      "name": "metabase",
      "provider": "provider[\"registry.terraform.io/hashicorp/google\"]",
      "instances": [
        {
          "schema_version": 1,
          "attributes": {
            "deletion_policy": null,
            "host": "",
            "id": "metabase_user//ha-analytics",
            "instance": "ha-analytics",
            "name": "metabase_user",
            "password": "meta_hr_5505bq5505",
            "password_policy": [],
            "project": "bandq-dx",
            "sql_server_user_details": [],
            "timeouts": null,
            "type": ""
          },
          "sensitive_attributes": [
            [
              {
                "type": "get_attr",
                "value": "password"
              }
            ]
          ],
          "identity_schema_version": 0,
          "private": "eyJlMmJmYjczMC1lY2FhLTExZTYtOGY4OC0zNDM2M2JjN2M0YzAiOnsiY3JlYXRlIjo2MDAwMDAwMDAwMDAsImRlbGV0ZSI6NjAwMDAwMDAwMDAwLCJ1cGRhdGUiOjYwMDAwMDAwMDAwMH0sInNjaGVtYV92ZXJzaW9uIjoiMSJ9",
          "dependencies": [
            "google_project_service.enabled",
            "module.database.google_sql_database_instance.app",
            "module.network.google_compute_global_address.private_ip_alloc",
            "module.network.google_compute_network.analytics",
            "module.network.google_service_networking_connection.private_vpc_connection"
          ]
        }
      ]
    },
    {
      "module": "module.metabase",
      "mode": "managed",
      "type": "google_cloud_run_v2_service",
      "name": "metabase",
      "provider": "provider[\"registry.terraform.io/hashicorp/google-beta\"]",
      "instances": [
        {
          "schema_version": 0,
          "attributes": {
            "annotations": {},
            "binary_authorization": [],
            "client": "",
            "client_version": "",
            "conditions": [
              {
                "execution_reason": "",
                "last_transition_time": "2025-10-22T07:24:28.981405Z",
                "message": "",
                "reason": "",
                "revision_reason": "",
                "severity": "",
                "state": "CONDITION_SUCCEEDED",
                "type": "RoutesReady"
              },
              {
                "execution_reason": "",
                "last_transition_time": "2025-10-22T07:23:27.535783Z",
                "message": "",
                "reason": "",
                "revision_reason": "",
                "severity": "",
                "state": "CONDITION_SUCCEEDED",
                "type": "ConfigurationsReady"
              }
            ],
            "create_time": "2025-10-22T07:23:24.382977Z",
            "creator": "yoshioka.r@bandq.jp",
            "custom_audiences": [],
            "default_uri_disabled": false,
            "delete_time": "",
            "description": "",
            "effective_annotations": {},
            "effective_labels": {},
            "etag": "\"COyM4scGEOiHz7YB/cHJvamVjdHMvYmFuZHEtZHgvbG9jYXRpb25zL2FzaWEtbm9ydGhlYXN0MS9zZXJ2aWNlcy9oYS1tZXRhYmFzZQ\"",
            "expire_time": "",
            "generation": "1",
            "id": "projects/bandq-dx/locations/asia-northeast1/services/ha-metabase",
            "ingress": "INGRESS_TRAFFIC_ALL",
            "labels": {},
            "last_modifier": "yoshioka.r@bandq.jp",
            "latest_created_revision": "projects/bandq-dx/locations/asia-northeast1/services/ha-metabase/revisions/ha-metabase-00001-24n",
            "latest_ready_revision": "projects/bandq-dx/locations/asia-northeast1/services/ha-metabase/revisions/ha-metabase-00001-24n",
            "launch_stage": "GA",
            "location": "asia-northeast1",
            "name": "ha-metabase",
            "observed_generation": "1",
            "project": "bandq-dx",
            "reconciling": false,
            "scaling": [],
            "template": [
              {
                "annotations": {},
                "containers": [
                  {
                    "args": [],
                    "command": [],
                    "depends_on": [],
                    "env": [
                      {
                        "name": "MB_DB_TYPE",
                        "value": "postgres",
                        "value_source": []
                      },
                      {
                        "name": "MB_DB_DBNAME",
                        "value": "metabase_meta",
                        "value_source": []
                      },
                      {
                        "name": "MB_DB_HOST",
                        "value": "10.197.0.3",
                        "value_source": []
                      },
                      {
                        "name": "MB_DB_PORT",
                        "value": "5432",
                        "value_source": []
                      },
                      {
                        "name": "MB_DB_USER",
                        "value": "metabase_user",
                        "value_source": []
                      },
                      {
                        "name": "MB_DB_PASS",
                        "value": "",
                        "value_source": [
                          {
                            "secret_key_ref": [
                              {
                                "secret": "projects/816821699190/secrets/ha-metabase-db-password",
                                "version": "2"
                              }
                            ]
                          }
                        ]
                      },
                      {
                        "name": "MB_JETTY_PORT",
                        "value": "8080",
                        "value_source": []
                      },
                      {
                        "name": "PORT",
                        "value": "8080",
                        "value_source": []
                      }
                    ],
                    "image": "metabase/metabase:v0.48.6",
                    "liveness_probe": [
                      {
                        "failure_threshold": 3,
                        "grpc": [],
                        "http_get": [
                          {
                            "http_headers": [],
                            "path": "/api/health",
                            "port": 8080
                          }
                        ],
                        "initial_delay_seconds": 60,
                        "period_seconds": 30,
                        "tcp_socket": [],
                        "timeout_seconds": 10
                      }
                    ],
                    "name": "",
                    "ports": [
                      {
                        "container_port": 8080,
                        "name": "http1"
                      }
                    ],
                    "resources": [
                      {
                        "cpu_idle": false,
                        "limits": {
                          "cpu": "2",
                          "memory": "2048Mi"
                        },
                        "startup_cpu_boost": false
                      }
                    ],
                    "startup_probe": [
                      {
                        "failure_threshold": 10,
                        "grpc": [],
                        "http_get": [
                          {
                            "http_headers": [],
                            "path": "/api/health",
                            "port": 8080
                          }
                        ],
                        "initial_delay_seconds": 30,
                        "period_seconds": 10,
                        "tcp_socket": [],
                        "timeout_seconds": 10
                      }
                    ],
                    "volume_mounts": [],
                    "working_dir": ""
                  }
                ],
                "encryption_key": "",
                "execution_environment": "",
                "labels": {},
                "max_instance_request_concurrency": 160,
                "revision": "",
                "scaling": [
                  {
                    "max_instance_count": 2,
                    "min_instance_count": 0
                  }
                ],
                "service_account": "sa-ha-metabase@bandq-dx.iam.gserviceaccount.com",
                "session_affinity": false,
                "timeout": "900s",
                "volumes": [],
                "vpc_access": [
                  {
                    "connector": "projects/bandq-dx/locations/asia-northeast1/connectors/ha-serverless-connector",
                    "egress": "PRIVATE_RANGES_ONLY",
                    "network_interfaces": []
                  }
                ]
              }
            ],
            "terminal_condition": [
              {
                "execution_reason": "",
                "last_transition_time": "2025-10-22T07:24:29.015469Z",
                "message": "",
                "reason": "",
                "revision_reason": "",
                "severity": "",
                "state": "CONDITION_SUCCEEDED",
                "type": "Ready"
              }
            ],
            "terraform_labels": {},
            "timeouts": null,
            "traffic": [
              {
                "percent": 100,
                "revision": "",
                "tag": "",
                "type": "TRAFFIC_TARGET_ALLOCATION_TYPE_LATEST"
              }
            ],
            "traffic_statuses": [
              {
                "percent": 100,
                "revision": "",
                "tag": "",
                "type": "TRAFFIC_TARGET_ALLOCATION_TYPE_LATEST",
                "uri": ""
              }
            ],
            "uid": "64b80513-7306-4333-a582-896b6cbc2441",
            "update_time": "2025-10-22T07:23:24.382977Z",
            "uri": "https://ha-metabase-xjwrqdxxxa-an.a.run.app"
          },
          "sensitive_attributes": [],
          "identity_schema_version": 0,
          "private": "eyJlMmJmYjczMC1lY2FhLTExZTYtOGY4OC0zNDM2M2JjN2M0YzAiOnsiY3JlYXRlIjoxMjAwMDAwMDAwMDAwLCJkZWxldGUiOjEyMDAwMDAwMDAwMDAsInVwZGF0ZSI6MTIwMDAwMDAwMDAwMH19",
          "dependencies": [
            "google_project_service.enabled",
            "module.database.google_sql_database_instance.app",
            "module.metabase.google_secret_manager_secret.metabase_db_password",
            "module.metabase.google_secret_manager_secret_version.metabase_db_password",
            "module.metabase.google_service_account.metabase",
            "module.network.google_compute_global_address.private_ip_alloc",
            "module.network.google_compute_network.analytics",
            "module.network.google_service_networking_connection.private_vpc_connection",
            "module.network.google_vpc_access_connector.serverless"
          ]
        }
      ]
    },
    {
      "module": "module.metabase",
      "mode": "managed",
      "type": "google_project_iam_member",
      "name": "metabase_roles",
      "provider": "provider[\"registry.terraform.io/hashicorp/google\"]",
      "instances": [
        {
          "index_key": "roles/cloudsql.client",
          "schema_version": 0,
          "attributes": {
            "condition": [],
            "etag": "BwZBuasA6NE=",
            "id": "bandq-dx/roles/cloudsql.client/serviceAccount:sa-ha-metabase@bandq-dx.iam.gserviceaccount.com",
            "member": "serviceAccount:sa-ha-metabase@bandq-dx.iam.gserviceaccount.com",
            "project": "bandq-dx",
            "role": "roles/cloudsql.client"
          },
          "sensitive_attributes": [],
          "identity_schema_version": 0,
          "private": "bnVsbA==",
          "dependencies": [
            "module.metabase.google_service_account.metabase"
          ]
        },
        {
          "index_key": "roles/logging.logWriter",
          "schema_version": 0,
          "attributes": {
            "condition": [],
            "etag": "BwZBuasA6NE=",
            "id": "bandq-dx/roles/logging.logWriter/serviceAccount:sa-ha-metabase@bandq-dx.iam.gserviceaccount.com",
            "member": "serviceAccount:sa-ha-metabase@bandq-dx.iam.gserviceaccount.com",
            "project": "bandq-dx",
            "role": "roles/logging.logWriter"
          },
          "sensitive_attributes": [],
          "identity_schema_version": 0,
          "private": "bnVsbA==",
          "dependencies": [
            "module.metabase.google_service_account.metabase"
          ]
        },
        {
          "index_key": "roles/secretmanager.secretAccessor",
          "schema_version": 0,
          "attributes": {
            "condition": [],
            "etag": "BwZBuasA6NE=",
            "id": "bandq-dx/roles/secretmanager.secretAccessor/serviceAccount:sa-ha-metabase@bandq-dx.iam.gserviceaccount.com",
            "member": "serviceAccount:sa-ha-metabase@bandq-dx.iam.gserviceaccount.com",
            "project": "bandq-dx",
            "role": "roles/secretmanager.secretAccessor"
          },
          "sensitive_attributes": [],
          "identity_schema_version": 0,
          "private": "bnVsbA==",
          "dependencies": [
            "module.metabase.google_service_account.metabase"
          ]
        }
      ]
    },
    {
      "module": "module.metabase",
      "mode": "managed",
      "type": "google_secret_manager_secret",
      "name": "metabase_db_password",
      "provider": "provider[\"registry.terraform.io/hashicorp/google\"]",
      "instances": [
        {
          "schema_version": 0,
          "attributes": {
            "annotations": {},
            "create_time": "2025-10-22T05:32:28.447395Z",
            "effective_annotations": {},
            "effective_labels": {},
            "expire_time": "",
            "id": "projects/bandq-dx/secrets/ha-metabase-db-password",
            "labels": {},
            "name": "projects/816821699190/secrets/ha-metabase-db-password",
            "project": "bandq-dx",
            "replication": [
              {
                "auto": [
                  {
                    "customer_managed_encryption": []
                  }
                ],
                "user_managed": []
              }
            ],
            "rotation": [],
            "secret_id": "ha-metabase-db-password",
            "terraform_labels": {},
            "timeouts": null,
            "topics": [],
            "ttl": null,
            "version_aliases": {},
            "version_destroy_ttl": ""
          },
          "sensitive_attributes": [],
          "identity_schema_version": 0,
          "private": "eyJlMmJmYjczMC1lY2FhLTExZTYtOGY4OC0zNDM2M2JjN2M0YzAiOnsiY3JlYXRlIjoxMjAwMDAwMDAwMDAwLCJkZWxldGUiOjEyMDAwMDAwMDAwMDAsInVwZGF0ZSI6MTIwMDAwMDAwMDAwMH19"
        }
      ]
    },
    {
      "module": "module.metabase",
      "mode": "managed",
      "type": "google_secret_manager_secret_iam_member",
      "name": "metabase_password_metabase",
      "provider": "provider[\"registry.terraform.io/hashicorp/google\"]",
      "instances": [
        {
          "schema_version": 0,
          "attributes": {
            "condition": [],
            "etag": "BwZBuao9ifI=",
            "id": "projects/bandq-dx/secrets/ha-metabase-db-password/roles/secretmanager.secretAccessor/serviceAccount:sa-ha-metabase@bandq-dx.iam.gserviceaccount.com",
            "member": "serviceAccount:sa-ha-metabase@bandq-dx.iam.gserviceaccount.com",
            "project": "bandq-dx",
            "role": "roles/secretmanager.secretAccessor",
            "secret_id": "projects/bandq-dx/secrets/ha-metabase-db-password"
          },
          "sensitive_attributes": [],
          "identity_schema_version": 0,
          "private": "bnVsbA==",
          "dependencies": [
            "module.metabase.google_secret_manager_secret.metabase_db_password",
            "module.metabase.google_service_account.metabase"
          ]
        }
      ]
    },
    {
      "module": "module.metabase",
      "mode": "managed",
      "type": "google_secret_manager_secret_version",
      "name": "metabase_db_password",
      "provider": "provider[\"registry.terraform.io/hashicorp/google\"]",
      "instances": [
        {
          "schema_version": 0,
          "attributes": {
            "create_time": "2025-10-22T06:45:48.017326Z",
            "deletion_policy": "DELETE",
            "destroy_time": "",
            "enabled": true,
            "id": "projects/816821699190/secrets/ha-metabase-db-password/versions/2",
            "is_secret_data_base64": false,
            "name": "projects/816821699190/secrets/ha-metabase-db-password/versions/2",
            "secret": "projects/bandq-dx/secrets/ha-metabase-db-password",
            "secret_data": "meta_hr_5505bq5505",
            "timeouts": null,
            "version": "2"
          },
          "sensitive_attributes": [
            [
              {
                "type": "get_attr",
                "value": "secret_data"
              }
            ]
          ],
          "identity_schema_version": 0,
          "private": "eyJlMmJmYjczMC1lY2FhLTExZTYtOGY4OC0zNDM2M2JjN2M0YzAiOnsiY3JlYXRlIjoxMjAwMDAwMDAwMDAwLCJkZWxldGUiOjEyMDAwMDAwMDAwMDAsInVwZGF0ZSI6MTIwMDAwMDAwMDAwMH19",
          "dependencies": [
            "module.metabase.google_secret_manager_secret.metabase_db_password"
          ]
        }
      ]
    },
    {
      "module": "module.metabase",
      "mode": "managed",
      "type": "google_service_account",
      "name": "metabase",
      "provider": "provider[\"registry.terraform.io/hashicorp/google\"]",
      "instances": [
        {
          "schema_version": 0,
          "attributes": {
            "account_id": "sa-ha-metabase",
            "create_ignore_already_exists": null,
            "description": "",
            "disabled": false,
            "display_name": "Hiring Analytics Metabase",
            "email": "sa-ha-metabase@bandq-dx.iam.gserviceaccount.com",
            "id": "projects/bandq-dx/serviceAccounts/sa-ha-metabase@bandq-dx.iam.gserviceaccount.com",
            "member": "serviceAccount:sa-ha-metabase@bandq-dx.iam.gserviceaccount.com",
            "name": "projects/bandq-dx/serviceAccounts/sa-ha-metabase@bandq-dx.iam.gserviceaccount.com",
            "project": "bandq-dx",
            "timeouts": null,
            "unique_id": "115639053310113077279"
          },
          "sensitive_attributes": [],
          "identity_schema_version": 0,
          "private": "eyJlMmJmYjczMC1lY2FhLTExZTYtOGY4OC0zNDM2M2JjN2M0YzAiOnsiY3JlYXRlIjozMDAwMDAwMDAwMDB9fQ=="
        }
      ]
    },
    {
      "module": "module.network",
      "mode": "managed",
      "type": "google_compute_global_address",
      "name": "private_ip_alloc",
      "provider": "provider[\"registry.terraform.io/hashicorp/google\"]",
      "instances": [
        {
          "schema_version": 0,
          "attributes": {
            "address": "10.197.0.0",
            "address_type": "INTERNAL",
            "creation_timestamp": "2025-10-21T23:47:47.679-07:00",
            "description": "",
            "effective_labels": {},
            "id": "projects/bandq-dx/global/addresses/private-ip-alloc",
            "ip_version": "",
            "label_fingerprint": "42WmSpB8rSM=",
            "labels": {},
            "name": "private-ip-alloc",
            "network": "https://www.googleapis.com/compute/v1/projects/bandq-dx/global/networks/ha-analytics-network",
            "prefix_length": 16,
            "project": "bandq-dx",
            "purpose": "VPC_PEERING",
            "self_link": "https://www.googleapis.com/compute/v1/projects/bandq-dx/global/addresses/private-ip-alloc",
            "terraform_labels": {},
            "timeouts": null
          },
          "sensitive_attributes": [],
          "identity_schema_version": 0,
          "private": "eyJlMmJmYjczMC1lY2FhLTExZTYtOGY4OC0zNDM2M2JjN2M0YzAiOnsiY3JlYXRlIjoxMjAwMDAwMDAwMDAwLCJkZWxldGUiOjEyMDAwMDAwMDAwMDAsInVwZGF0ZSI6MTIwMDAwMDAwMDAwMH19",
          "dependencies": [
            "google_project_service.enabled",
            "module.network.google_compute_network.analytics"
          ]
        }
      ]
    },
    {
      "module": "module.network",
      "mode": "managed",
      "type": "google_compute_network",
      "name": "analytics",
      "provider": "provider[\"registry.terraform.io/hashicorp/google\"]",
      "instances": [
        {
          "schema_version": 0,
          "attributes": {
            "auto_create_subnetworks": false,
            "delete_default_routes_on_create": false,
            "description": "",
            "enable_ula_internal_ipv6": false,
            "gateway_ipv4": "",
            "id": "projects/bandq-dx/global/networks/ha-analytics-network",
            "internal_ipv6_range": "",
            "mtu": 0,
            "name": "ha-analytics-network",
            "network_firewall_policy_enforcement_order": "AFTER_CLASSIC_FIREWALL",
            "numeric_id": "8695725278851617386",
            "project": "bandq-dx",
            "routing_mode": "REGIONAL",
            "self_link": "https://www.googleapis.com/compute/v1/projects/bandq-dx/global/networks/ha-analytics-network",
            "timeouts": null
          },
          "sensitive_attributes": [],
          "identity_schema_version": 0,
          "private": "eyJlMmJmYjczMC1lY2FhLTExZTYtOGY4OC0zNDM2M2JjN2M0YzAiOnsiY3JlYXRlIjoxMjAwMDAwMDAwMDAwLCJkZWxldGUiOjEyMDAwMDAwMDAwMDAsInVwZGF0ZSI6MTIwMDAwMDAwMDAwMH19",
          "dependencies": [
            "google_project_service.enabled"
          ]
        }
      ]
    },
    {
      "module": "module.network",
      "mode": "managed",
      "type": "google_compute_subnetwork",
      "name": "analytics",
      "provider": "provider[\"registry.terraform.io/hashicorp/google\"]",
      "instances": [
        {
          "schema_version": 0,
          "attributes": {
            "creation_timestamp": "2025-10-21T22:33:07.911-07:00",
            "description": "",
            "external_ipv6_prefix": "",
            "fingerprint": null,
            "gateway_address": "10.90.0.1",
            "id": "projects/bandq-dx/regions/asia-northeast1/subnetworks/ha-analytics-subnet",
            "internal_ipv6_prefix": "",
            "ip_cidr_range": "10.90.0.0/24",
            "ipv6_access_type": "",
            "ipv6_cidr_range": "",
            "log_config": [],
            "name": "ha-analytics-subnet",
            "network": "https://www.googleapis.com/compute/v1/projects/bandq-dx/global/networks/ha-analytics-network",
            "private_ip_google_access": false,
            "private_ipv6_google_access": "DISABLE_GOOGLE_ACCESS",
            "project": "bandq-dx",
            "purpose": "PRIVATE",
            "region": "asia-northeast1",
            "role": "",
            "secondary_ip_range": [],
            "self_link": "https://www.googleapis.com/compute/v1/projects/bandq-dx/regions/asia-northeast1/subnetworks/ha-analytics-subnet",
            "send_secondary_ip_range_if_empty": null,
            "stack_type": "IPV4_ONLY",
            "timeouts": null
          },
          "sensitive_attributes": [],
          "identity_schema_version": 0,
          "private": "eyJlMmJmYjczMC1lY2FhLTExZTYtOGY4OC0zNDM2M2JjN2M0YzAiOnsiY3JlYXRlIjoxMjAwMDAwMDAwMDAwLCJkZWxldGUiOjEyMDAwMDAwMDAwMDAsInVwZGF0ZSI6MTIwMDAwMDAwMDAwMH19",
          "dependencies": [
            "google_project_service.enabled",
            "module.network.google_compute_network.analytics"
          ]
        }
      ]
    },
    {
      "module": "module.network",
      "mode": "managed",
      "type": "google_service_networking_connection",
      "name": "private_vpc_connection",
      "provider": "provider[\"registry.terraform.io/hashicorp/google\"]",
      "instances": [
        {
          "schema_version": 0,
          "attributes": {
            "deletion_policy": null,
            "id": "projects%2Fbandq-dx%2Fglobal%2Fnetworks%2Fha-analytics-network:servicenetworking.googleapis.com",
            "network": "projects/bandq-dx/global/networks/ha-analytics-network",
            "peering": "servicenetworking-googleapis-com",
            "reserved_peering_ranges": [
              "private-ip-alloc"
            ],
            "service": "servicenetworking.googleapis.com",
            "timeouts": null,
            "update_on_creation_fail": null
          },
          "sensitive_attributes": [],
          "identity_schema_version": 0,
          "private": "eyJlMmJmYjczMC1lY2FhLTExZTYtOGY4OC0zNDM2M2JjN2M0YzAiOnsiY3JlYXRlIjo2MDAwMDAwMDAwMDAsImRlbGV0ZSI6NjAwMDAwMDAwMDAwLCJ1cGRhdGUiOjYwMDAwMDAwMDAwMH19",
          "dependencies": [
            "google_project_service.enabled",
            "module.network.google_compute_global_address.private_ip_alloc",
            "module.network.google_compute_network.analytics"
          ]
        }
      ]
    },
    {
      "module": "module.network",
      "mode": "managed",
      "type": "google_vpc_access_connector",
      "name": "serverless",
      "provider": "provider[\"registry.terraform.io/hashicorp/google-beta\"]",
      "instances": [
        {
          "schema_version": 0,
          "attributes": {
            "connected_projects": [
              "bandq-dx"
            ],
            "id": "projects/bandq-dx/locations/asia-northeast1/connectors/ha-serverless-connector",
            "ip_cidr_range": "10.8.0.0/28",
            "machine_type": "e2-micro",
            "max_instances": 3,
            "max_throughput": 300,
            "min_instances": 2,
            "min_throughput": 200,
            "name": "ha-serverless-connector",
            "network": "ha-analytics-network",
            "project": "bandq-dx",
            "region": "asia-northeast1",
            "self_link": "projects/bandq-dx/locations/asia-northeast1/connectors/ha-serverless-connector",
            "state": "READY",
            "subnet": [],
            "timeouts": null
          },
          "sensitive_attributes": [],
          "identity_schema_version": 0,
          "private": "eyJlMmJmYjczMC1lY2FhLTExZTYtOGY4OC0zNDM2M2JjN2M0YzAiOnsiY3JlYXRlIjoxMjAwMDAwMDAwMDAwLCJkZWxldGUiOjEyMDAwMDAwMDAwMDB9fQ==",
          "dependencies": [
            "google_project_service.enabled",
            "module.network.google_compute_network.analytics"
          ]
        }
      ]
    }
  ],
  "check_results": null
}
